
Microsoft Visual Studio Solution File, Format Version 12.00
# Visual Studio Version 16
VisualStudioVersion = 16.0.29318.209
MinimumVisualStudioVersion = 10.0.40219.1
Project("{9A19103F-16F7-4668-BE54-9A1E7A4F7556}") = "NConsul", "Consul\NConsul.csproj", "{B763F0CA-2BED-49FE-A2FB-2659FDE6222B}"
EndProject
Project("{9A19103F-16F7-4668-BE54-9A1E7A4F7556}") = "NConsul.Test", "Consul.Test\NConsul.Test.csproj", "{59CA6048-E8D0-46BF-997B-FEB7083C42C2}"
EndProject
Project("{2150E333-8FDC-42A3-9474-1A3956D46DE8}") = "GRPC", "GRPC", "{EA21117B-F41C-44B1-A923-2CD54EB92637}"
EndProject
Project("{9A19103F-16F7-4668-BE54-9A1E7A4F7556}") = "AspNetCoregRpcService", "GRPC\AspNetCoregRpcService\AspNetCoregRpcService.csproj", "{A7E2D8E9-377A-4D36-BC57-32AA4F538310}"
EndProject
Project("{9A19103F-16F7-4668-BE54-9A1E7A4F7556}") = "GRPCHealthCheckTests", "GRPC\GRPCHealthCheckTests\GRPCHealthCheckTests.csproj", "{AB45326B-647B-4AC8-A80A-DFF0E1ABA399}"
EndProject
Project("{FAE04EC0-301F-11D3-BF4B-00C04F79EFBC}") = "NConsul.AspNetCore", "NConsul.AspNetCore\NConsul.AspNetCore.csproj", "{5C740E00-13B5-4593-9F76-7DC8AAD3F7E1}"
EndProject
Global
	GlobalSection(SolutionConfigurationPlatforms) = preSolution
		Debug|Any CPU = Debug|Any CPU
		Release|Any CPU = Release|Any CPU
	EndGlobalSection
	GlobalSection(ProjectConfigurationPlatforms) = postSolution
		{B763F0CA-2BED-49FE-A2FB-2659FDE6222B}.Debug|Any CPU.ActiveCfg = Debug|Any CPU
		{B763F0CA-2BED-49FE-A2FB-2659FDE6222B}.Debug|Any CPU.Build.0 = Debug|Any CPU
		{B763F0CA-2BED-49FE-A2FB-2659FDE6222B}.Release|Any CPU.ActiveCfg = Release|Any CPU
		{B763F0CA-2BED-49FE-A2FB-2659FDE6222B}.Release|Any CPU.Build.0 = Release|Any CPU
		{59CA6048-E8D0-46BF-997B-FEB7083C42C2}.Debug|Any CPU.ActiveCfg = Debug|Any CPU
		{59CA6048-E8D0-46BF-997B-FEB7083C42C2}.Debug|Any CPU.Build.0 = Debug|Any CPU
		{59CA6048-E8D0-46BF-997B-FEB7083C42C2}.Release|Any CPU.ActiveCfg = Release|Any CPU
		{59CA6048-E8D0-46BF-997B-FEB7083C42C2}.Release|Any CPU.Build.0 = Release|Any CPU
		{A7E2D8E9-377A-4D36-BC57-32AA4F538310}.Debug|Any CPU.ActiveCfg = Debug|Any CPU
		{A7E2D8E9-377A-4D36-BC57-32AA4F538310}.Debug|Any CPU.Build.0 = Debug|Any CPU
		{A7E2D8E9-377A-4D36-BC57-32AA4F538310}.Release|Any CPU.ActiveCfg = Release|Any CPU
		{A7E2D8E9-377A-4D36-BC57-32AA4F538310}.Release|Any CPU.Build.0 = Release|Any CPU
		{AB45326B-647B-4AC8-A80A-DFF0E1ABA399}.Debug|Any CPU.ActiveCfg = Debug|Any CPU
		{AB45326B-647B-4AC8-A80A-DFF0E1ABA399}.Debug|Any CPU.Build.0 = Debug|Any CPU
		{AB45326B-647B-4AC8-A80A-DFF0E1ABA399}.Release|Any CPU.ActiveCfg = Release|Any CPU
		{AB45326B-647B-4AC8-A80A-DFF0E1ABA399}.Release|Any CPU.Build.0 = Release|Any CPU
		{5C740E00-13B5-4593-9F76-7DC8AAD3F7E1}.Debug|Any CPU.ActiveCfg = Debug|Any CPU
		{5C740E00-13B5-4593-9F76-7DC8AAD3F7E1}.Debug|Any CPU.Build.0 = Debug|Any CPU
		{5C740E00-13B5-4593-9F76-7DC8AAD3F7E1}.Release|Any CPU.ActiveCfg = Release|Any CPU
		{5C740E00-13B5-4593-9F76-7DC8AAD3F7E1}.Release|Any CPU.Build.0 = Release|Any CPU
	EndGlobalSection
	GlobalSection(SolutionProperties) = preSolution
		HideSolutionNode = FALSE
	EndGlobalSection
	GlobalSection(NestedProjects) = preSolution
		{A7E2D8E9-377A-4D36-BC57-32AA4F538310} = {EA21117B-F41C-44B1-A923-2CD54EB92637}
		{AB45326B-647B-4AC8-A80A-DFF0E1ABA399} = {EA21117B-F41C-44B1-A923-2CD54EB92637}
	EndGlobalSection
	GlobalSection(ExtensibilityGlobals) = postSolution
		SolutionGuid = {D598C17D-CD1C-488E-85B3-85852733C8CD}
	EndGlobalSection
EndGlobal
